
Microsoft Visual Studio Solution File, Format Version 12.00
Project("{FAE04EC0-301F-11D3-BF4B-00C04F79EFBC}") = "AudioLogger", "AudioLogger\AudioLogger.csproj", "{343E20EF-20B5-48CC-BA02-793C950433EC}"
EndProject
Project("{FAE04EC0-301F-11D3-BF4B-00C04F79EFBC}") = "CompanyExecutive", "CompanyExecutive\CompanyExecutive.csproj", "{8A9383AD-7C3E-4EF9-9F49-893C2039C98D}"
EndProject
Project("{FAE04EC0-301F-11D3-BF4B-00C04F79EFBC}") = "UnlethalCompany", "UnlethalCompany\UnlethalCompany.csproj", "{F57B8FD4-0B79-4BBD-878A-FFC1AB947997}"
EndProject
Project("{FAE04EC0-301F-11D3-BF4B-00C04F79EFBC}") = "WrongLibWithTheWrongTechnique", "WrongLibWithTheWrongTechnique\WrongLibWithTheWrongTechnique.csproj", "{F9B71D8E-182E-45C2-9CB6-95ECE2593770}"
EndProject
Project("{FAE04EC0-301F-11D3-BF4B-00C04F79EFBC}") = "BlackMesaInternTransferProgram", "BlackMesaInternTransferProgram\BlackMesaInternTransferProgram.csproj", "{43306DAC-166A-4928-ABD9-4BFB887CF9D7}"
EndProject
Global
	GlobalSection(SolutionConfigurationPlatforms) = preSolution
		Debug|Any CPU = Debug|Any CPU
		Release|Any CPU = Release|Any CPU
	EndGlobalSection
	GlobalSection(ProjectConfigurationPlatforms) = postSolution
		{343E20EF-20B5-48CC-BA02-793C950433EC}.Debug|Any CPU.ActiveCfg = Debug|Any CPU
		{343E20EF-20B5-48CC-BA02-793C950433EC}.Debug|Any CPU.Build.0 = Debug|Any CPU
		{343E20EF-20B5-48CC-BA02-793C950433EC}.Release|Any CPU.ActiveCfg = Release|Any CPU
		{343E20EF-20B5-48CC-BA02-793C950433EC}.Release|Any CPU.Build.0 = Release|Any CPU
		{8A9383AD-7C3E-4EF9-9F49-893C2039C98D}.Debug|Any CPU.ActiveCfg = Debug|Any CPU
		{8A9383AD-7C3E-4EF9-9F49-893C2039C98D}.Debug|Any CPU.Build.0 = Debug|Any CPU
		{8A9383AD-7C3E-4EF9-9F49-893C2039C98D}.Release|Any CPU.ActiveCfg = Release|Any CPU
		{8A9383AD-7C3E-4EF9-9F49-893C2039C98D}.Release|Any CPU.Build.0 = Release|Any CPU
		{F57B8FD4-0B79-4BBD-878A-FFC1AB947997}.Debug|Any CPU.ActiveCfg = Debug|Any CPU
		{F57B8FD4-0B79-4BBD-878A-FFC1AB947997}.Debug|Any CPU.Build.0 = Debug|Any CPU
		{F57B8FD4-0B79-4BBD-878A-FFC1AB947997}.Release|Any CPU.ActiveCfg = Release|Any CPU
		{F57B8FD4-0B79-4BBD-878A-FFC1AB947997}.Release|Any CPU.Build.0 = Release|Any CPU
		{F9B71D8E-182E-45C2-9CB6-95ECE2593770}.Debug|Any CPU.ActiveCfg = Debug|Any CPU
		{F9B71D8E-182E-45C2-9CB6-95ECE2593770}.Debug|Any CPU.Build.0 = Debug|Any CPU
		{F9B71D8E-182E-45C2-9CB6-95ECE2593770}.Release|Any CPU.ActiveCfg = Release|Any CPU
		{F9B71D8E-182E-45C2-9CB6-95ECE2593770}.Release|Any CPU.Build.0 = Release|Any CPU
		{43306DAC-166A-4928-ABD9-4BFB887CF9D7}.Debug|Any CPU.ActiveCfg = Debug|Any CPU
		{43306DAC-166A-4928-ABD9-4BFB887CF9D7}.Debug|Any CPU.Build.0 = Debug|Any CPU
		{43306DAC-166A-4928-ABD9-4BFB887CF9D7}.Release|Any CPU.ActiveCfg = Release|Any CPU
		{43306DAC-166A-4928-ABD9-4BFB887CF9D7}.Release|Any CPU.Build.0 = Release|Any CPU
	EndGlobalSection
EndGlobal
